// !$*UTF8*$!
{
	archiveVersion = 1;
	classes = {
	};
	objectVersion = 50;
	objects = {

/* Begin PBXBuildFile section */
		EACD203024B3C421009EB291 /* Tests_iOS.swift in Sources */ = {isa = PBXBuildFile; fileRef = EACD202F24B3C421009EB291 /* Tests_iOS.swift */; };
		EACD203B24B3C421009EB291 /* Tests_macOS.swift in Sources */ = {isa = PBXBuildFile; fileRef = EACD203A24B3C421009EB291 /* Tests_macOS.swift */; };
		EACD203D24B3C421009EB291 /* NewSwiftUITestingAfterWWDC2020.swift in Sources */ = {isa = PBXBuildFile; fileRef = EACD201424B3C41F009EB291 /* NewSwiftUITestingAfterWWDC2020.swift */; };
		EACD203E24B3C421009EB291 /* NewSwiftUITestingAfterWWDC2020.swift in Sources */ = {isa = PBXBuildFile; fileRef = EACD201424B3C41F009EB291 /* NewSwiftUITestingAfterWWDC2020.swift */; };
		EACD203F24B3C421009EB291 /* TextEditView.swift in Sources */ = {isa = PBXBuildFile; fileRef = EACD201524B3C41F009EB291 /* TextEditView.swift */; };
		EACD204024B3C421009EB291 /* TextEditView.swift in Sources */ = {isa = PBXBuildFile; fileRef = EACD201524B3C41F009EB291 /* TextEditView.swift */; };
		EACD204124B3C421009EB291 /* Assets.xcassets in Resources */ = {isa = PBXBuildFile; fileRef = EACD201624B3C421009EB291 /* Assets.xcassets */; };
		EACD204224B3C421009EB291 /* Assets.xcassets in Resources */ = {isa = PBXBuildFile; fileRef = EACD201624B3C421009EB291 /* Assets.xcassets */; };
		EACD205224B3C6D7009EB291 /* MapTestView.swift in Sources */ = {isa = PBXBuildFile; fileRef = EACD205124B3C6D7009EB291 /* MapTestView.swift */; };
		EACD205324B3C6D7009EB291 /* MapTestView.swift in Sources */ = {isa = PBXBuildFile; fileRef = EACD205124B3C6D7009EB291 /* MapTestView.swift */; };
		EACD205524B3C8E7009EB291 /* UIColorPickerView.swift in Sources */ = {isa = PBXBuildFile; fileRef = EACD205424B3C8E7009EB291 /* UIColorPickerView.swift */; };
		EACD205624B3C8E7009EB291 /* UIColorPickerView.swift in Sources */ = {isa = PBXBuildFile; fileRef = EACD205424B3C8E7009EB291 /* UIColorPickerView.swift */; };
/* End PBXBuildFile section */

/* Begin PBXContainerItemProxy section */
		EACD202C24B3C421009EB291 /* PBXContainerItemProxy */ = {
			isa = PBXContainerItemProxy;
			containerPortal = EACD200F24B3C41F009EB291 /* Project object */;
			proxyType = 1;
			remoteGlobalIDString = EACD201A24B3C421009EB291;
			remoteInfo = iOS;
		};
		EACD203724B3C421009EB291 /* PBXContainerItemProxy */ = {
			isa = PBXContainerItemProxy;
			containerPortal = EACD200F24B3C41F009EB291 /* Project object */;
			proxyType = 1;
			remoteGlobalIDString = EACD202224B3C421009EB291;
			remoteInfo = macOS;
		};
/* End PBXContainerItemProxy section */

/* Begin PBXFileReference section */
		EACD201424B3C41F009EB291 /* NewSwiftUITestingAfterWWDC2020.swift */ = {isa = PBXFileReference; lastKnownFileType = sourcecode.swift; path = NewSwiftUITestingAfterWWDC2020.swift; sourceTree = "<group>"; };
		EACD201524B3C41F009EB291 /* TextEditView.swift */ = {isa = PBXFileReference; lastKnownFileType = sourcecode.swift; path = TextEditView.swift; sourceTree = "<group>"; };
		EACD201624B3C421009EB291 /* Assets.xcassets */ = {isa = PBXFileReference; lastKnownFileType = folder.assetcatalog; path = Assets.xcassets; sourceTree = "<group>"; };
		EACD201B24B3C421009EB291 /* NewSwiftUITestingAfterWWDC2020.app */ = {isa = PBXFileReference; explicitFileType = wrapper.application; includeInIndex = 0; path = NewSwiftUITestingAfterWWDC2020.app; sourceTree = BUILT_PRODUCTS_DIR; };
		EACD201E24B3C421009EB291 /* Info.plist */ = {isa = PBXFileReference; lastKnownFileType = text.plist.xml; path = Info.plist; sourceTree = "<group>"; };
		EACD202324B3C421009EB291 /* NewSwiftUITestingAfterWWDC2020.app */ = {isa = PBXFileReference; explicitFileType = wrapper.application; includeInIndex = 0; path = NewSwiftUITestingAfterWWDC2020.app; sourceTree = BUILT_PRODUCTS_DIR; };
		EACD202524B3C421009EB291 /* Info.plist */ = {isa = PBXFileReference; lastKnownFileType = text.plist.xml; path = Info.plist; sourceTree = "<group>"; };
		EACD202624B3C421009EB291 /* macOS.entitlements */ = {isa = PBXFileReference; lastKnownFileType = text.plist.entitlements; path = macOS.entitlements; sourceTree = "<group>"; };
		EACD202B24B3C421009EB291 /* Tests iOS.xctest */ = {isa = PBXFileReference; explicitFileType = wrapper.cfbundle; includeInIndex = 0; path = "Tests iOS.xctest"; sourceTree = BUILT_PRODUCTS_DIR; };
		EACD202F24B3C421009EB291 /* Tests_iOS.swift */ = {isa = PBXFileReference; lastKnownFileType = sourcecode.swift; path = Tests_iOS.swift; sourceTree = "<group>"; };
		EACD203124B3C421009EB291 /* Info.plist */ = {isa = PBXFileReference; lastKnownFileType = text.plist.xml; path = Info.plist; sourceTree = "<group>"; };
		EACD203624B3C421009EB291 /* Tests macOS.xctest */ = {isa = PBXFileReference; explicitFileType = wrapper.cfbundle; includeInIndex = 0; path = "Tests macOS.xctest"; sourceTree = BUILT_PRODUCTS_DIR; };
		EACD203A24B3C421009EB291 /* Tests_macOS.swift */ = {isa = PBXFileReference; lastKnownFileType = sourcecode.swift; path = Tests_macOS.swift; sourceTree = "<group>"; };
		EACD203C24B3C421009EB291 /* Info.plist */ = {isa = PBXFileReference; lastKnownFileType = text.plist.xml; path = Info.plist; sourceTree = "<group>"; };
		EACD205124B3C6D7009EB291 /* MapTestView.swift */ = {isa = PBXFileReference; lastKnownFileType = sourcecode.swift; path = MapTestView.swift; sourceTree = "<group>"; };
		EACD205424B3C8E7009EB291 /* UIColorPickerView.swift */ = {isa = PBXFileReference; lastKnownFileType = sourcecode.swift; path = UIColorPickerView.swift; sourceTree = "<group>"; };
/* End PBXFileReference section */

/* Begin PBXFrameworksBuildPhase section */
		EACD201824B3C421009EB291 /* Frameworks */ = {
			isa = PBXFrameworksBuildPhase;
			buildActionMask = 2147483647;
			files = (
			);
			runOnlyForDeploymentPostprocessing = 0;
		};
		EACD202024B3C421009EB291 /* Frameworks */ = {
			isa = PBXFrameworksBuildPhase;
			buildActionMask = 2147483647;
			files = (
			);
			runOnlyForDeploymentPostprocessing = 0;
		};
		EACD202824B3C421009EB291 /* Frameworks */ = {
			isa = PBXFrameworksBuildPhase;
			buildActionMask = 2147483647;
			files = (
			);
			runOnlyForDeploymentPostprocessing = 0;
		};
		EACD203324B3C421009EB291 /* Frameworks */ = {
			isa = PBXFrameworksBuildPhase;
			buildActionMask = 2147483647;
			files = (
			);
			runOnlyForDeploymentPostprocessing = 0;
		};
/* End PBXFrameworksBuildPhase section */

/* Begin PBXGroup section */
		EACD200E24B3C41F009EB291 = {
			isa = PBXGroup;
			children = (
				EACD201324B3C41F009EB291 /* Shared */,
				EACD201D24B3C421009EB291 /* iOS */,
				EACD202424B3C421009EB291 /* macOS */,
				EACD202E24B3C421009EB291 /* Tests iOS */,
				EACD203924B3C421009EB291 /* Tests macOS */,
				EACD201C24B3C421009EB291 /* Products */,
			);
			sourceTree = "<group>";
		};
		EACD201324B3C41F009EB291 /* Shared */ = {
			isa = PBXGroup;
			children = (
				EACD201424B3C41F009EB291 /* NewSwiftUITestingAfterWWDC2020.swift */,
				EACD201524B3C41F009EB291 /* TextEditView.swift */,
				EACD205124B3C6D7009EB291 /* MapTestView.swift */,
				EACD201624B3C421009EB291 /* Assets.xcassets */,
				EACD205424B3C8E7009EB291 /* UIColorPickerView.swift */,
			);
			path = Shared;
			sourceTree = "<group>";
		};
		EACD201C24B3C421009EB291 /* Products */ = {
			isa = PBXGroup;
			children = (
				EACD201B24B3C421009EB291 /* NewSwiftUITestingAfterWWDC2020.app */,
				EACD202324B3C421009EB291 /* NewSwiftUITestingAfterWWDC2020.app */,
				EACD202B24B3C421009EB291 /* Tests iOS.xctest */,
				EACD203624B3C421009EB291 /* Tests macOS.xctest */,
			);
			name = Products;
			sourceTree = "<group>";
		};
		EACD201D24B3C421009EB291 /* iOS */ = {
			isa = PBXGroup;
			children = (
				EACD201E24B3C421009EB291 /* Info.plist */,
			);
			path = iOS;
			sourceTree = "<group>";
		};
		EACD202424B3C421009EB291 /* macOS */ = {
			isa = PBXGroup;
			children = (
				EACD202524B3C421009EB291 /* Info.plist */,
				EACD202624B3C421009EB291 /* macOS.entitlements */,
			);
			path = macOS;
			sourceTree = "<group>";
		};
		EACD202E24B3C421009EB291 /* Tests iOS */ = {
			isa = PBXGroup;
			children = (
				EACD202F24B3C421009EB291 /* Tests_iOS.swift */,
				EACD203124B3C421009EB291 /* Info.plist */,
			);
			path = "Tests iOS";
			sourceTree = "<group>";
		};
		EACD203924B3C421009EB291 /* Tests macOS */ = {
			isa = PBXGroup;
			children = (
				EACD203A24B3C421009EB291 /* Tests_macOS.swift */,
				EACD203C24B3C421009EB291 /* Info.plist */,
			);
			path = "Tests macOS";
			sourceTree = "<group>";
		};
/* End PBXGroup section */

/* Begin PBXNativeTarget section */
		EACD201A24B3C421009EB291 /* iOS */ = {
			isa = PBXNativeTarget;
			buildConfigurationList = EACD204524B3C421009EB291 /* Build configuration list for PBXNativeTarget "iOS" */;
			buildPhases = (
				EACD201724B3C421009EB291 /* Sources */,
				EACD201824B3C421009EB291 /* Frameworks */,
				EACD201924B3C421009EB291 /* Resources */,
			);
			buildRules = (
			);
			dependencies = (
			);
			name = iOS;
			productName = iOS;
			productReference = EACD201B24B3C421009EB291 /* NewSwiftUITestingAfterWWDC2020.app */;
			productType = "com.apple.product-type.application";
		};
		EACD202224B3C421009EB291 /* macOS */ = {
			isa = PBXNativeTarget;
			buildConfigurationList = EACD204824B3C421009EB291 /* Build configuration list for PBXNativeTarget "macOS" */;
			buildPhases = (
				EACD201F24B3C421009EB291 /* Sources */,
				EACD202024B3C421009EB291 /* Frameworks */,
				EACD202124B3C421009EB291 /* Resources */,
			);
			buildRules = (
			);
			dependencies = (
			);
			name = macOS;
			productName = macOS;
			productReference = EACD202324B3C421009EB291 /* NewSwiftUITestingAfterWWDC2020.app */;
			productType = "com.apple.product-type.application";
		};
		EACD202A24B3C421009EB291 /* Tests iOS */ = {
			isa = PBXNativeTarget;
			buildConfigurationList = EACD204B24B3C421009EB291 /* Build configuration list for PBXNativeTarget "Tests iOS" */;
			buildPhases = (
				EACD202724B3C421009EB291 /* Sources */,
				EACD202824B3C421009EB291 /* Frameworks */,
				EACD202924B3C421009EB291 /* Resources */,
			);
			buildRules = (
			);
			dependencies = (
				EACD202D24B3C421009EB291 /* PBXTargetDependency */,
			);
			name = "Tests iOS";
			productName = "Tests iOS";
			productReference = EACD202B24B3C421009EB291 /* Tests iOS.xctest */;
			productType = "com.apple.product-type.bundle.ui-testing";
		};
		EACD203524B3C421009EB291 /* Tests macOS */ = {
			isa = PBXNativeTarget;
			buildConfigurationList = EACD204E24B3C421009EB291 /* Build configuration list for PBXNativeTarget "Tests macOS" */;
			buildPhases = (
				EACD203224B3C421009EB291 /* Sources */,
				EACD203324B3C421009EB291 /* Frameworks */,
				EACD203424B3C421009EB291 /* Resources */,
			);
			buildRules = (
			);
			dependencies = (
				EACD203824B3C421009EB291 /* PBXTargetDependency */,
			);
			name = "Tests macOS";
			productName = "Tests macOS";
			productReference = EACD203624B3C421009EB291 /* Tests macOS.xctest */;
			productType = "com.apple.product-type.bundle.ui-testing";
		};
/* End PBXNativeTarget section */

/* Begin PBXProject section */
		EACD200F24B3C41F009EB291 /* Project object */ = {
			isa = PBXProject;
			attributes = {
				LastSwiftUpdateCheck = 1200;
				LastUpgradeCheck = 1200;
				TargetAttributes = {
					EACD201A24B3C421009EB291 = {
						CreatedOnToolsVersion = 12.0;
					};
					EACD202224B3C421009EB291 = {
						CreatedOnToolsVersion = 12.0;
					};
					EACD202A24B3C421009EB291 = {
						CreatedOnToolsVersion = 12.0;
						TestTargetID = EACD201A24B3C421009EB291;
					};
					EACD203524B3C421009EB291 = {
						CreatedOnToolsVersion = 12.0;
						TestTargetID = EACD202224B3C421009EB291;
					};
				};
			};
			buildConfigurationList = EACD201224B3C41F009EB291 /* Build configuration list for PBXProject "NewSwiftUITestingAfterWWDC2020" */;
			compatibilityVersion = "Xcode 9.3";
			developmentRegion = en;
			hasScannedForEncodings = 0;
			knownRegions = (
				en,
				Base,
			);
			mainGroup = EACD200E24B3C41F009EB291;
			productRefGroup = EACD201C24B3C421009EB291 /* Products */;
			projectDirPath = "";
			projectRoot = "";
			targets = (
				EACD201A24B3C421009EB291 /* iOS */,
				EACD202224B3C421009EB291 /* macOS */,
				EACD202A24B3C421009EB291 /* Tests iOS */,
				EACD203524B3C421009EB291 /* Tests macOS */,
			);
		};
/* End PBXProject section */

/* Begin PBXResourcesBuildPhase section */
		EACD201924B3C421009EB291 /* Resources */ = {
			isa = PBXResourcesBuildPhase;
			buildActionMask = 2147483647;
			files = (
				EACD204124B3C421009EB291 /* Assets.xcassets in Resources */,
			);
			runOnlyForDeploymentPostprocessing = 0;
		};
		EACD202124B3C421009EB291 /* Resources */ = {
			isa = PBXResourcesBuildPhase;
			buildActionMask = 2147483647;
			files = (
				EACD204224B3C421009EB291 /* Assets.xcassets in Resources */,
			);
			runOnlyForDeploymentPostprocessing = 0;
		};
		EACD202924B3C421009EB291 /* Resources */ = {
			isa = PBXResourcesBuildPhase;
			buildActionMask = 2147483647;
			files = (
			);
			runOnlyForDeploymentPostprocessing = 0;
		};
		EACD203424B3C421009EB291 /* Resources */ = {
			isa = PBXResourcesBuildPhase;
			buildActionMask = 2147483647;
			files = (
			);
			runOnlyForDeploymentPostprocessing = 0;
		};
/* End PBXResourcesBuildPhase section */

/* Begin PBXSourcesBuildPhase section */
		EACD201724B3C421009EB291 /* Sources */ = {
			isa = PBXSourcesBuildPhase;
			buildActionMask = 2147483647;
			files = (
				EACD205524B3C8E7009EB291 /* UIColorPickerView.swift in Sources */,
				EACD203F24B3C421009EB291 /* TextEditView.swift in Sources */,
				EACD203D24B3C421009EB291 /* NewSwiftUITestingAfterWWDC2020.swift in Sources */,
				EACD205224B3C6D7009EB291 /* MapTestView.swift in Sources */,
			);
			runOnlyForDeploymentPostprocessing = 0;
		};
		EACD201F24B3C421009EB291 /* Sources */ = {
			isa = PBXSourcesBuildPhase;
			buildActionMask = 2147483647;
			files = (
				EACD205624B3C8E7009EB291 /* UIColorPickerView.swift in Sources */,
				EACD204024B3C421009EB291 /* TextEditView.swift in Sources */,
				EACD203E24B3C421009EB291 /* NewSwiftUITestingAfterWWDC2020.swift in Sources */,
				EACD205324B3C6D7009EB291 /* MapTestView.swift in Sources */,
			);
			runOnlyForDeploymentPostprocessing = 0;
		};
		EACD202724B3C421009EB291 /* Sources */ = {
			isa = PBXSourcesBuildPhase;
			buildActionMask = 2147483647;
			files = (
				EACD203024B3C421009EB291 /* Tests_iOS.swift in Sources */,
			);
			runOnlyForDeploymentPostprocessing = 0;
		};
		EACD203224B3C421009EB291 /* Sources */ = {
			isa = PBXSourcesBuildPhase;
			buildActionMask = 2147483647;
			files = (
				EACD203B24B3C421009EB291 /* Tests_macOS.swift in Sources */,
			);
			runOnlyForDeploymentPostprocessing = 0;
		};
/* End PBXSourcesBuildPhase section */

/* Begin PBXTargetDependency section */
		EACD202D24B3C421009EB291 /* PBXTargetDependency */ = {
			isa = PBXTargetDependency;
			target = EACD201A24B3C421009EB291 /* iOS */;
			targetProxy = EACD202C24B3C421009EB291 /* PBXContainerItemProxy */;
		};
		EACD203824B3C421009EB291 /* PBXTargetDependency */ = {
			isa = PBXTargetDependency;
			target = EACD202224B3C421009EB291 /* macOS */;
			targetProxy = EACD203724B3C421009EB291 /* PBXContainerItemProxy */;
		};
/* End PBXTargetDependency section */

/* Begin XCBuildConfiguration section */
		EACD204324B3C421009EB291 /* Debug */ = {
			isa = XCBuildConfiguration;
			buildSettings = {
				ALWAYS_SEARCH_USER_PATHS = NO;
				CLANG_ANALYZER_NONNULL = YES;
				CLANG_ANALYZER_NUMBER_OBJECT_CONVERSION = YES_AGGRESSIVE;
				CLANG_CXX_LANGUAGE_STANDARD = "gnu++14";
				CLANG_CXX_LIBRARY = "libc++";
				CLANG_ENABLE_MODULES = YES;
				CLANG_ENABLE_OBJC_ARC = YES;
				CLANG_ENABLE_OBJC_WEAK = YES;
				CLANG_WARN_BLOCK_CAPTURE_AUTORELEASING = YES;
				CLANG_WARN_BOOL_CONVERSION = YES;
				CLANG_WARN_COMMA = YES;
				CLANG_WARN_CONSTANT_CONVERSION = YES;
				CLANG_WARN_DEPRECATED_OBJC_IMPLEMENTATIONS = YES;
				CLANG_WARN_DIRECT_OBJC_ISA_USAGE = YES_ERROR;
				CLANG_WARN_DOCUMENTATION_COMMENTS = YES;
				CLANG_WARN_EMPTY_BODY = YES;
				CLANG_WARN_ENUM_CONVERSION = YES;
				CLANG_WARN_INFINITE_RECURSION = YES;
				CLANG_WARN_INT_CONVERSION = YES;
				CLANG_WARN_NON_LITERAL_NULL_CONVERSION = YES;
				CLANG_WARN_OBJC_IMPLICIT_RETAIN_SELF = YES;
				CLANG_WARN_OBJC_LITERAL_CONVERSION = YES;
				CLANG_WARN_OBJC_ROOT_CLASS = YES_ERROR;
				CLANG_WARN_QUOTED_INCLUDE_IN_FRAMEWORK_HEADER = YES;
				CLANG_WARN_RANGE_LOOP_ANALYSIS = YES;
				CLANG_WARN_STRICT_PROTOTYPES = YES;
				CLANG_WARN_SUSPICIOUS_MOVE = YES;
				CLANG_WARN_UNGUARDED_AVAILABILITY = YES_AGGRESSIVE;
				CLANG_WARN_UNREACHABLE_CODE = YES;
				CLANG_WARN__DUPLICATE_METHOD_MATCH = YES;
				COPY_PHASE_STRIP = NO;
				DEBUG_INFORMATION_FORMAT = dwarf;
				ENABLE_STRICT_OBJC_MSGSEND = YES;
				ENABLE_TESTABILITY = YES;
				GCC_C_LANGUAGE_STANDARD = gnu11;
				GCC_DYNAMIC_NO_PIC = NO;
				GCC_NO_COMMON_BLOCKS = YES;
				GCC_OPTIMIZATION_LEVEL = 0;
				GCC_PREPROCESSOR_DEFINITIONS = (
					"DEBUG=1",
					"$(inherited)",
				);
				GCC_WARN_64_TO_32_BIT_CONVERSION = YES;
				GCC_WARN_ABOUT_RETURN_TYPE = YES_ERROR;
				GCC_WARN_UNDECLARED_SELECTOR = YES;
				GCC_WARN_UNINITIALIZED_AUTOS = YES_AGGRESSIVE;
				GCC_WARN_UNUSED_FUNCTION = YES;
				GCC_WARN_UNUSED_VARIABLE = YES;
				MTL_ENABLE_DEBUG_INFO = INCLUDE_SOURCE;
				MTL_FAST_MATH = YES;
				ONLY_ACTIVE_ARCH = YES;
				SWIFT_ACTIVE_COMPILATION_CONDITIONS = DEBUG;
				SWIFT_OPTIMIZATION_LEVEL = "-Onone";
			};
			name = Debug;
		};
		EACD204424B3C421009EB291 /* Release */ = {
			isa = XCBuildConfiguration;
			buildSettings = {
				ALWAYS_SEARCH_USER_PATHS = NO;
				CLANG_ANALYZER_NONNULL = YES;
				CLANG_ANALYZER_NUMBER_OBJECT_CONVERSION = YES_AGGRESSIVE;
				CLANG_CXX_LANGUAGE_STANDARD = "gnu++14";
				CLANG_CXX_LIBRARY = "libc++";
				CLANG_ENABLE_MODULES = YES;
				CLANG_ENABLE_OBJC_ARC = YES;
				CLANG_ENABLE_OBJC_WEAK = YES;
				CLANG_WARN_BLOCK_CAPTURE_AUTORELEASING = YES;
				CLANG_WARN_BOOL_CONVERSION = YES;
				CLANG_WARN_COMMA = YES;
				CLANG_WARN_CONSTANT_CONVERSION = YES;
				CLANG_WARN_DEPRECATED_OBJC_IMPLEMENTATIONS = YES;
				CLANG_WARN_DIRECT_OBJC_ISA_USAGE = YES_ERROR;
				CLANG_WARN_DOCUMENTATION_COMMENTS = YES;
				CLANG_WARN_EMPTY_BODY = YES;
				CLANG_WARN_ENUM_CONVERSION = YES;
				CLANG_WARN_INFINITE_RECURSION = YES;
				CLANG_WARN_INT_CONVERSION = YES;
				CLANG_WARN_NON_LITERAL_NULL_CONVERSION = YES;
				CLANG_WARN_OBJC_IMPLICIT_RETAIN_SELF = YES;
				CLANG_WARN_OBJC_LITERAL_CONVERSION = YES;
				CLANG_WARN_OBJC_ROOT_CLASS = YES_ERROR;
				CLANG_WARN_QUOTED_INCLUDE_IN_FRAMEWORK_HEADER = YES;
				CLANG_WARN_RANGE_LOOP_ANALYSIS = YES;
				CLANG_WARN_STRICT_PROTOTYPES = YES;
				CLANG_WARN_SUSPICIOUS_MOVE = YES;
				CLANG_WARN_UNGUARDED_AVAILABILITY = YES_AGGRESSIVE;
				CLANG_WARN_UNREACHABLE_CODE = YES;
				CLANG_WARN__DUPLICATE_METHOD_MATCH = YES;
				COPY_PHASE_STRIP = NO;
				DEBUG_INFORMATION_FORMAT = "dwarf-with-dsym";
				ENABLE_NS_ASSERTIONS = NO;
				ENABLE_STRICT_OBJC_MSGSEND = YES;
				GCC_C_LANGUAGE_STANDARD = gnu11;
				GCC_NO_COMMON_BLOCKS = YES;
				GCC_WARN_64_TO_32_BIT_CONVERSION = YES;
				GCC_WARN_ABOUT_RETURN_TYPE = YES_ERROR;
				GCC_WARN_UNDECLARED_SELECTOR = YES;
				GCC_WARN_UNINITIALIZED_AUTOS = YES_AGGRESSIVE;
				GCC_WARN_UNUSED_FUNCTION = YES;
				GCC_WARN_UNUSED_VARIABLE = YES;
				MTL_ENABLE_DEBUG_INFO = NO;
				MTL_FAST_MATH = YES;
				SWIFT_COMPILATION_MODE = wholemodule;
				SWIFT_OPTIMIZATION_LEVEL = "-O";
			};
			name = Release;
		};
		EACD204624B3C421009EB291 /* Debug */ = {
			isa = XCBuildConfiguration;
			buildSettings = {
				ASSETCATALOG_COMPILER_APPICON_NAME = AppIcon;
				ASSETCATALOG_COMPILER_GLOBAL_ACCENT_COLOR_NAME = AccentColor;
				CODE_SIGN_STYLE = Automatic;
				DEVELOPMENT_TEAM = 7KJ5UVP5ZG;
				ENABLE_PREVIEWS = YES;
				INFOPLIST_FILE = iOS/Info.plist;
				IPHONEOS_DEPLOYMENT_TARGET = 14.0;
				LD_RUNPATH_SEARCH_PATHS = (
					"$(inherited)",
					"@executable_path/Frameworks",
				);
				PRODUCT_BUNDLE_IDENTIFIER = com.tonyWWDC24062020.TextEditViewTestTest;
				PRODUCT_NAME = NewSwiftUITestingAfterWWDC2020;
				SDKROOT = iphoneos;
				SWIFT_VERSION = 5.0;
				TARGETED_DEVICE_FAMILY = "1,2";
			};
			name = Debug;
		};
		EACD204724B3C421009EB291 /* Release */ = {
			isa = XCBuildConfiguration;
			buildSettings = {
				ASSETCATALOG_COMPILER_APPICON_NAME = AppIcon;
				ASSETCATALOG_COMPILER_GLOBAL_ACCENT_COLOR_NAME = AccentColor;
				CODE_SIGN_STYLE = Automatic;
				DEVELOPMENT_TEAM = 7KJ5UVP5ZG;
				ENABLE_PREVIEWS = YES;
				INFOPLIST_FILE = iOS/Info.plist;
				IPHONEOS_DEPLOYMENT_TARGET = 14.0;
				LD_RUNPATH_SEARCH_PATHS = (
					"$(inherited)",
					"@executable_path/Frameworks",
				);
				PRODUCT_BUNDLE_IDENTIFIER = com.tonyWWDC24062020.TextEditViewTestTest;
				PRODUCT_NAME = NewSwiftUITestingAfterWWDC2020;
				SDKROOT = iphoneos;
				SWIFT_VERSION = 5.0;
				TARGETED_DEVICE_FAMILY = "1,2";
				VALIDATE_PRODUCT = YES;
			};
			name = Release;
		};
		EACD204924B3C421009EB291 /* Debug */ = {
			isa = XCBuildConfiguration;
			buildSettings = {
				ASSETCATALOG_COMPILER_APPICON_NAME = AppIcon;
				ASSETCATALOG_COMPILER_GLOBAL_ACCENT_COLOR_NAME = AccentColor;
				CODE_SIGN_ENTITLEMENTS = macOS/macOS.entitlements;
				CODE_SIGN_STYLE = Automatic;
				COMBINE_HIDPI_IMAGES = YES;
				DEVELOPMENT_TEAM = 7KJ5UVP5ZG;
				ENABLE_HARDENED_RUNTIME = YES;
				ENABLE_PREVIEWS = YES;
				INFOPLIST_FILE = macOS/Info.plist;
				LD_RUNPATH_SEARCH_PATHS = (
					"$(inherited)",
					"@executable_path/../Frameworks",
				);
				MACOSX_DEPLOYMENT_TARGET = 10.16;
				PRODUCT_BUNDLE_IDENTIFIER = com.tonyWWDC24062020.TextEditViewTestTest;
				PRODUCT_NAME = NewSwiftUITestingAfterWWDC2020;
				SDKROOT = macosx;
				SWIFT_VERSION = 5.0;
			};
			name = Debug;
		};
		EACD204A24B3C421009EB291 /* Release */ = {
			isa = XCBuildConfiguration;
			buildSettings = {
				ASSETCATALOG_COMPILER_APPICON_NAME = AppIcon;
				ASSETCATALOG_COMPILER_GLOBAL_ACCENT_COLOR_NAME = AccentColor;
				CODE_SIGN_ENTITLEMENTS = macOS/macOS.entitlements;
				CODE_SIGN_STYLE = Automatic;
				COMBINE_HIDPI_IMAGES = YES;
				DEVELOPMENT_TEAM = 7KJ5UVP5ZG;
				ENABLE_HARDENED_RUNTIME = YES;
				ENABLE_PREVIEWS = YES;
				INFOPLIST_FILE = macOS/Info.plist;
				LD_RUNPATH_SEARCH_PATHS = (
					"$(inherited)",
					"@executable_path/../Frameworks",
				);
				MACOSX_DEPLOYMENT_TARGET = 10.16;
				PRODUCT_BUNDLE_IDENTIFIER = com.tonyWWDC24062020.TextEditViewTestTest;
				PRODUCT_NAME = NewSwiftUITestingAfterWWDC2020;
				SDKROOT = macosx;
				SWIFT_VERSION = 5.0;
			};
			name = Release;
		};
		EACD204C24B3C421009EB291 /* Debug */ = {
			isa = XCBuildConfiguration;
			buildSettings = {
				ALWAYS_EMBED_SWIFT_STANDARD_LIBRARIES = YES;
				CODE_SIGN_STYLE = Automatic;
				DEVELOPMENT_TEAM = 7KJ5UVP5ZG;
				INFOPLIST_FILE = "Tests iOS/Info.plist";
				IPHONEOS_DEPLOYMENT_TARGET = 14.0;
				LD_RUNPATH_SEARCH_PATHS = (
					"$(inherited)",
					"@executable_path/Frameworks",
					"@loader_path/Frameworks",
				);
				PRODUCT_BUNDLE_IDENTIFIER = "com.tonyWWDC24062020.Tests-iOS";
				PRODUCT_NAME = "$(TARGET_NAME)";
				SDKROOT = iphoneos;
				SWIFT_VERSION = 5.0;
				TARGETED_DEVICE_FAMILY = "1,2";
				TEST_TARGET_NAME = iOS;
			};
			name = Debug;
		};
		EACD204D24B3C421009EB291 /* Release */ = {
			isa = XCBuildConfiguration;
			buildSettings = {
				ALWAYS_EMBED_SWIFT_STANDARD_LIBRARIES = YES;
				CODE_SIGN_STYLE = Automatic;
				DEVELOPMENT_TEAM = 7KJ5UVP5ZG;
				INFOPLIST_FILE = "Tests iOS/Info.plist";
				IPHONEOS_DEPLOYMENT_TARGET = 14.0;
				LD_RUNPATH_SEARCH_PATHS = (
					"$(inherited)",
					"@executable_path/Frameworks",
					"@loader_path/Frameworks",
				);
				PRODUCT_BUNDLE_IDENTIFIER = "com.tonyWWDC24062020.Tests-iOS";
				PRODUCT_NAME = "$(TARGET_NAME)";
				SDKROOT = iphoneos;
				SWIFT_VERSION = 5.0;
				TARGETED_DEVICE_FAMILY = "1,2";
				TEST_TARGET_NAME = iOS;
				VALIDATE_PRODUCT = YES;
			};
			name = Release;
		};
		EACD204F24B3C421009EB291 /* Debug */ = {
			isa = XCBuildConfiguration;
			buildSettings = {
				ALWAYS_EMBED_SWIFT_STANDARD_LIBRARIES = YES;
				CODE_SIGN_STYLE = Automatic;
				COMBINE_HIDPI_IMAGES = YES;
				DEVELOPMENT_TEAM = 7KJ5UVP5ZG;
				INFOPLIST_FILE = "Tests macOS/Info.plist";
				LD_RUNPATH_SEARCH_PATHS = (
					"$(inherited)",
					"@executable_path/../Frameworks",
					"@loader_path/../Frameworks",
				);
				MACOSX_DEPLOYMENT_TARGET = 10.15;
				PRODUCT_BUNDLE_IDENTIFIER = "com.tonyWWDC24062020.Tests-macOS";
				PRODUCT_NAME = "$(TARGET_NAME)";
				SDKROOT = macosx;
				SWIFT_VERSION = 5.0;
				TEST_TARGET_NAME = macOS;
			};
			name = Debug;
		};
		EACD205024B3C421009EB291 /* Release */ = {
			isa = XCBuildConfiguration;
			buildSettings = {
				ALWAYS_EMBED_SWIFT_STANDARD_LIBRARIES = YES;
				CODE_SIGN_STYLE = Automatic;
				COMBINE_HIDPI_IMAGES = YES;
				DEVELOPMENT_TEAM = 7KJ5UVP5ZG;
				INFOPLIST_FILE = "Tests macOS/Info.plist";
				LD_RUNPATH_SEARCH_PATHS = (
					"$(inherited)",
					"@executable_path/../Frameworks",
					"@loader_path/../Frameworks",
				);
				MACOSX_DEPLOYMENT_TARGET = 10.15;
				PRODUCT_BUNDLE_IDENTIFIER = "com.tonyWWDC24062020.Tests-macOS";
				PRODUCT_NAME = "$(TARGET_NAME)";
				SDKROOT = macosx;
				SWIFT_VERSION = 5.0;
				TEST_TARGET_NAME = macOS;
			};
			name = Release;
		};
/* End XCBuildConfiguration section */

/* Begin XCConfigurationList section */
		EACD201224B3C41F009EB291 /* Build configuration list for PBXProject "NewSwiftUITestingAfterWWDC2020" */ = {
			isa = XCConfigurationList;
			buildConfigurations = (
				EACD204324B3C421009EB291 /* Debug */,
				EACD204424B3C421009EB291 /* Release */,
			);
			defaultConfigurationIsVisible = 0;
			defaultConfigurationName = Release;
		};
		EACD204524B3C421009EB291 /* Build configuration list for PBXNativeTarget "iOS" */ = {
			isa = XCConfigurationList;
			buildConfigurations = (
				EACD204624B3C421009EB291 /* Debug */,
				EACD204724B3C421009EB291 /* Release */,
			);
			defaultConfigurationIsVisible = 0;
			defaultConfigurationName = Release;
		};
		EACD204824B3C421009EB291 /* Build configuration list for PBXNativeTarget "macOS" */ = {
			isa = XCConfigurationList;
			buildConfigurations = (
				EACD204924B3C421009EB291 /* Debug */,
				EACD204A24B3C421009EB291 /* Release */,
			);
			defaultConfigurationIsVisible = 0;
			defaultConfigurationName = Release;
		};
		EACD204B24B3C421009EB291 /* Build configuration list for PBXNativeTarget "Tests iOS" */ = {
			isa = XCConfigurationList;
			buildConfigurations = (
				EACD204C24B3C421009EB291 /* Debug */,
				EACD204D24B3C421009EB291 /* Release */,
			);
			defaultConfigurationIsVisible = 0;
			defaultConfigurationName = Release;
		};
		EACD204E24B3C421009EB291 /* Build configuration list for PBXNativeTarget "Tests macOS" */ = {
			isa = XCConfigurationList;
			buildConfigurations = (
				EACD204F24B3C421009EB291 /* Debug */,
				EACD205024B3C421009EB291 /* Release */,
			);
			defaultConfigurationIsVisible = 0;
			defaultConfigurationName = Release;
		};
/* End XCConfigurationList section */
	};
	rootObject = EACD200F24B3C41F009EB291 /* Project object */;
}
